
Microsoft Visual Studio Solution File, Format Version 12.00
# Visual Studio 15
VisualStudioVersion = 15.0.28307.1022
MinimumVisualStudioVersion = 10.0.40219.1
Project("{FAE04EC0-301F-11D3-BF4B-00C04F79EFBC}") = "DockerTest1", "DockerTest1\DockerTest1.csproj", "{FBCD0689-DF77-4BB5-815E-C77956990E94}"
EndProject
Global
	GlobalSection(SolutionConfigurationPlatforms) = preSolution
		Debug|Any CPU = Debug|Any CPU
		Release|Any CPU = Release|Any CPU
	EndGlobalSection
	GlobalSection(ProjectConfigurationPlatforms) = postSolution
		{FBCD0689-DF77-4BB5-815E-C77956990E94}.Debug|Any CPU.ActiveCfg = Debug|Any CPU
		{FBCD0689-DF77-4BB5-815E-C77956990E94}.Debug|Any CPU.Build.0 = Debug|Any CPU
		{FBCD0689-DF77-4BB5-815E-C77956990E94}.Release|Any CPU.ActiveCfg = Release|Any CPU
		{FBCD0689-DF77-4BB5-815E-C77956990E94}.Release|Any CPU.Build.0 = Release|Any CPU
	EndGlobalSection
	GlobalSection(SolutionProperties) = preSolution
		HideSolutionNode = FALSE
	EndGlobalSection
	GlobalSection(ExtensibilityGlobals) = postSolution
		SolutionGuid = {EFB98A57-78C6-4877-BEE9-939EA3583595}
	EndGlobalSection
EndGlobal
